<?xml version="1.0" encoding="utf-8"?>
<Project ToolsVersion="4.0" xmlns="http://schemas.microsoft.com/developer/msbuild/2003">
  <ItemGroup>
    <Filter Include="Source Files">
      <UniqueIdentifier>{4FC737F1-C7A5-4376-A066-2A32D752A2FF}</UniqueIdentifier>
      <Extensions>cpp;c;cc;cxx;c++;cppm;ixx;def;odl;idl;hpj;bat;asm;asmx</Extensions>
    </Filter>
    <Filter Include="Header Files">
      <UniqueIdentifier>{93995380-89BD-4b04-88EB-625FBE52EBFB}</UniqueIdentifier>
      <Extensions>h;hh;hpp;hxx;h++;hm;inl;inc;ipp;xsd</Extensions>
    </Filter>
    <Filter Include="Resource Files">
      <UniqueIdentifier>{67DA6AB6-F800-4c08-8B7A-83BB121AAD01}</UniqueIdentifier>
      <Extensions>rc;ico;cur;bmp;dlg;rc2;rct;bin;rgs;gif;jpg;jpeg;jpe;resx;tiff;tif;png;wav;mfcribbon-ms</Extensions>
    </Filter>
    <Filter Include="Source Files\Vulkan Interface">
      <UniqueIdentifier>{388af24a-b32e-4c4a-9857-846b98cc5524}</UniqueIdentifier>
    </Filter>
    <Filter Include="Source Files\Components">
      <UniqueIdentifier>{69636481-3f22-45ad-8e86-7f3b7a41e3fc}</UniqueIdentifier>
    </Filter>
    <Filter Include="Source Files\Objects">
      <UniqueIdentifier>{7f78b3b9-f7d0-4a5d-8ad2-a04e87c71f92}</UniqueIdentifier>
    </Filter>
    <Filter Include="Source Files\Management">
      <UniqueIdentifier>{ad71c773-abcf-423b-9fd3-39afca07a5f6}</UniqueIdentifier>
    </Filter>
    <Filter Include="Source Files\Shaders">
      <UniqueIdentifier>{70baea43-8ab6-4a00-954f-77d3a228e1e2}</UniqueIdentifier>
    </Filter>
    <Filter Include="Source Files\Text Rendering">
      <UniqueIdentifier>{56b24e84-f8b3-46e0-a54a-f2e2d6db1674}</UniqueIdentifier>
    </Filter>
    <Filter Include="Source Files\Third Party">
      <UniqueIdentifier>{458fa3c0-6bd8-4ef0-8c96-7af2a6a87aba}</UniqueIdentifier>
    </Filter>
  </ItemGroup>
  <ItemGroup>
    <ClInclude Include="vk_mem_alloc.h">
      <Filter>Header Files</Filter>
    </ClInclude>
    <ClInclude Include="ThirdPartyDeclarations.h">
      <Filter>Header Files</Filter>
    </ClInclude>
    <ClInclude Include="VoltEngine.h">
      <Filter>Header Files</Filter>
    </ClInclude>
    <ClInclude Include="UIImage.h">
      <Filter>Header Files</Filter>
    </ClInclude>
    <ClInclude Include="source\Components\Camera.h">
      <Filter>Source Files\Components</Filter>
    </ClInclude>
    <ClInclude Include="source\Components\Cube.h">
      <Filter>Source Files\Components</Filter>
    </ClInclude>
    <ClInclude Include="source\Components\DemoBehavior.h">
      <Filter>Source Files\Components</Filter>
    </ClInclude>
    <ClInclude Include="source\Components\FirstPersonController.h">
      <Filter>Source Files\Components</Filter>
    </ClInclude>
    <ClInclude Include="source\Components\LightSource.h">
      <Filter>Source Files\Components</Filter>
    </ClInclude>
    <ClInclude Include="source\Components\MeshRenderer.h">
      <Filter>Source Files\Components</Filter>
    </ClInclude>
    <ClInclude Include="source\Components\Tetrahedron.h">
      <Filter>Source Files\Components</Filter>
    </ClInclude>
    <ClInclude Include="source\Components\Text.h">
      <Filter>Source Files\Components</Filter>
    </ClInclude>
    <ClInclude Include="source\Components\Transform.h">
      <Filter>Source Files\Components</Filter>
    </ClInclude>
    <ClInclude Include="source\Components\UIImage.h">
      <Filter>Source Files\Components</Filter>
    </ClInclude>
    <ClInclude Include="source\Components\UIMeshRenderer.h">
      <Filter>Source Files\Components</Filter>
    </ClInclude>
    <ClInclude Include="source\Management\Scene.h">
      <Filter>Source Files\Management</Filter>
    </ClInclude>
    <ClInclude Include="source\Management\VoltEngine.h">
      <Filter>Source Files\Management</Filter>
    </ClInclude>
    <ClInclude Include="source\Objects\ObjectComponent.h">
      <Filter>Source Files\Objects</Filter>
    </ClInclude>
    <ClInclude Include="source\Objects\RenderObject.h">
      <Filter>Source Files\Objects</Filter>
    </ClInclude>
    <ClInclude Include="source\Text Rendering\Font.h">
      <Filter>Source Files\Text Rendering</Filter>
    </ClInclude>
    <ClInclude Include="source\Text Rendering\FontManager.h">
      <Filter>Source Files\Text Rendering</Filter>
    </ClInclude>
    <ClInclude Include="source\Vulkan Interface\GraphicsBuffer.h">
      <Filter>Source Files\Vulkan Interface</Filter>
    </ClInclude>
    <ClInclude Include="source\Vulkan Interface\GraphicsImage.h">
      <Filter>Source Files\Vulkan Interface</Filter>
    </ClInclude>
    <ClInclude Include="source\Vulkan Interface\GraphicsPipeline.h">
      <Filter>Source Files\Vulkan Interface</Filter>
    </ClInclude>
    <ClInclude Include="source\Vulkan Interface\TextureImage.h">
      <Filter>Source Files\Vulkan Interface</Filter>
    </ClInclude>
    <ClInclude Include="source\Vulkan Interface\VulkanCommonFunctions.h">
      <Filter>Source Files\Vulkan Interface</Filter>
    </ClInclude>
    <ClInclude Include="source\Vulkan Interface\VulkanInterface.h">
      <Filter>Source Files\Vulkan Interface</Filter>
    </ClInclude>
    <ClInclude Include="source\Vulkan Interface\VulkanWindowRenderer.h">
      <Filter>Source Files\Vulkan Interface</Filter>
    </ClInclude>
    <ClInclude Include="source\ThirdParty\ThirdPartyDeclarations.h">
      <Filter>Source Files\Third Party</Filter>
    </ClInclude>
  </ItemGroup>
  <ItemGroup>
    <FxCompile Include="shaders\HLSL\ObjectShaders.hlsl">
      <Filter>Source Files\Shaders</Filter>
    </FxCompile>
    <FxCompile Include="shaders\HLSL\UIObjectShaders.hlsl">
      <Filter>Source Files\Shaders</Filter>
    </FxCompile>
  </ItemGroup>
  <ItemGroup>
    <ClCompile Include="source\Components\DemoBehavior.cpp">
      <Filter>Source Files\Components</Filter>
    </ClCompile>
    <ClCompile Include="source\Components\FirstPersonController.cpp">
      <Filter>Source Files\Components</Filter>
    </ClCompile>
    <ClCompile Include="source\Components\MeshRenderer.cpp">
      <Filter>Source Files\Components</Filter>
    </ClCompile>
    <ClCompile Include="source\Components\Text.cpp">
      <Filter>Source Files\Components</Filter>
    </ClCompile>
    <ClCompile Include="source\Components\Transform.cpp">
      <Filter>Source Files\Components</Filter>
    </ClCompile>
    <ClCompile Include="source\Components\UIImage.cpp">
      <Filter>Source Files\Components</Filter>
    </ClCompile>
    <ClCompile Include="source\Components\UIMeshRenderer.cpp">
      <Filter>Source Files\Components</Filter>
    </ClCompile>
    <ClCompile Include="source\Management\Scene.cpp">
      <Filter>Source Files\Management</Filter>
    </ClCompile>
    <ClCompile Include="source\Management\VoltEngine.cpp">
      <Filter>Source Files\Management</Filter>
    </ClCompile>
    <ClCompile Include="source\Management\WindowManager.cpp">
      <Filter>Source Files\Management</Filter>
    </ClCompile>
    <ClCompile Include="source\Objects\ObjectComponent.cpp">
      <Filter>Source Files\Objects</Filter>
    </ClCompile>
    <ClCompile Include="source\Objects\RenderObject.cpp">
      <Filter>Source Files\Objects</Filter>
    </ClCompile>
    <ClCompile Include="source\Text Rendering\Font.cpp">
      <Filter>Source Files\Text Rendering</Filter>
    </ClCompile>
    <ClCompile Include="source\Text Rendering\FontManager.cpp">
      <Filter>Source Files\Text Rendering</Filter>
    </ClCompile>
    <ClCompile Include="source\Vulkan Interface\GraphicsBuffer.cpp">
      <Filter>Source Files\Vulkan Interface</Filter>
    </ClCompile>
    <ClCompile Include="source\Vulkan Interface\GraphicsImage.cpp">
      <Filter>Source Files\Vulkan Interface</Filter>
    </ClCompile>
    <ClCompile Include="source\Vulkan Interface\GraphicsPipeline.cpp">
      <Filter>Source Files\Vulkan Interface</Filter>
    </ClCompile>
    <ClCompile Include="source\Vulkan Interface\TextureImage.cpp">
      <Filter>Source Files\Vulkan Interface</Filter>
    </ClCompile>
    <ClCompile Include="source\Vulkan Interface\VulkanCommonFunctions.cpp">
      <Filter>Source Files\Vulkan Interface</Filter>
    </ClCompile>
    <ClCompile Include="source\Vulkan Interface\VulkanInterface.cpp">
      <Filter>Source Files\Vulkan Interface</Filter>
    </ClCompile>
    <ClCompile Include="source\Vulkan Interface\VulkanWindow.cpp">
      <Filter>Source Files\Vulkan Interface</Filter>
    </ClCompile>
    <ClCompile Include="source\Vulkan Interface\VulkanWindowRenderer.cpp">
      <Filter>Source Files\Vulkan Interface</Filter>
    </ClCompile>
    <ClCompile Include="source\ThirdParty\stb_image_implementation.cpp">
      <Filter>Source Files\Third Party</Filter>
    </ClCompile>
    <ClCompile Include="source\main.cpp">
      <Filter>Source Files</Filter>
    </ClCompile>
  </ItemGroup>
  <ItemGroup>
    <QtMoc Include="source\Management\WindowManager.h">
      <Filter>Source Files\Management</Filter>
    </QtMoc>
    <QtMoc Include="source\Vulkan Interface\VulkanWindow.h">
      <Filter>Source Files\Vulkan Interface</Filter>
    </QtMoc>
  </ItemGroup>
</Project>